
Microsoft Visual Studio Solution File, Format Version 12.00
# Visual Studio Version 16
VisualStudioVersion = 16.0.30523.141
MinimumVisualStudioVersion = 10.0.40219.1
Project("{FAE04EC0-301F-11D3-BF4B-00C04F79EFBC}") = "Hedelmapeli_konsole", "Hedelmapeli_konsole\Hedelmapeli_konsole.csproj", "{3808008B-3063-43DF-AF36-6FC7A9787110}"
EndProject
Global
	GlobalSection(SolutionConfigurationPlatforms) = preSolution
		Debug|Any CPU = Debug|Any CPU
		Release|Any CPU = Release|Any CPU
	EndGlobalSection
	GlobalSection(ProjectConfigurationPlatforms) = postSolution
		{3808008B-3063-43DF-AF36-6FC7A9787110}.Debug|Any CPU.ActiveCfg = Debug|Any CPU
		{3808008B-3063-43DF-AF36-6FC7A9787110}.Debug|Any CPU.Build.0 = Debug|Any CPU
		{3808008B-3063-43DF-AF36-6FC7A9787110}.Release|Any CPU.ActiveCfg = Release|Any CPU
		{3808008B-3063-43DF-AF36-6FC7A9787110}.Release|Any CPU.Build.0 = Release|Any CPU
	EndGlobalSection
	GlobalSection(SolutionProperties) = preSolution
		HideSolutionNode = FALSE
	EndGlobalSection
	GlobalSection(ExtensibilityGlobals) = postSolution
		SolutionGuid = {3D436798-DD62-4211-9A38-EF9FDF94AF19}
	EndGlobalSection
EndGlobal
